// !$*UTF8*$!
{
	archiveVersion = 1;
	classes = {
	};
	objectVersion = 51;
	objects = {

/* Begin PBXBuildFile section */
		0D570E4D3F58295FD4C739EE /* Pods_InstantSharedShoppingList_iOS.framework in Frameworks */ = {isa = PBXBuildFile; fileRef = 13015F601B1427D1C52A5EA2 /* Pods_InstantSharedShoppingList_iOS.framework */; };
		8602501122FDCACE004A5D1C /* Animations.swift in Sources */ = {isa = PBXBuildFile; fileRef = 8602501022FDCACE004A5D1C /* Animations.swift */; };
		8602501322FDCB14004A5D1C /* Animator.swift in Sources */ = {isa = PBXBuildFile; fileRef = 8602501222FDCB14004A5D1C /* Animator.swift */; };
		8606584E22ED826400D0A5F4 /* ItemTableViewCell.swift in Sources */ = {isa = PBXBuildFile; fileRef = 8606584C22ED826400D0A5F4 /* ItemTableViewCell.swift */; };
		8606584F22ED826400D0A5F4 /* ItemTableViewCell.xib in Resources */ = {isa = PBXBuildFile; fileRef = 8606584D22ED826400D0A5F4 /* ItemTableViewCell.xib */; };
		8613F27C22DB310300247C16 /* AppDelegate.swift in Sources */ = {isa = PBXBuildFile; fileRef = 8613F27B22DB310300247C16 /* AppDelegate.swift */; };
		8613F27E22DB310300247C16 /* WelcomeViewController.swift in Sources */ = {isa = PBXBuildFile; fileRef = 8613F27D22DB310300247C16 /* WelcomeViewController.swift */; };
		8613F28122DB310300247C16 /* Main.storyboard in Resources */ = {isa = PBXBuildFile; fileRef = 8613F27F22DB310300247C16 /* Main.storyboard */; };
		8613F28322DB310400247C16 /* Assets.xcassets in Resources */ = {isa = PBXBuildFile; fileRef = 8613F28222DB310400247C16 /* Assets.xcassets */; };
		8613F28622DB310400247C16 /* LaunchScreen.storyboard in Resources */ = {isa = PBXBuildFile; fileRef = 8613F28422DB310400247C16 /* LaunchScreen.storyboard */; };
		8613F28E22DB382100247C16 /* GoogleService-Info.plist in Resources */ = {isa = PBXBuildFile; fileRef = 8613F28D22DB382100247C16 /* GoogleService-Info.plist */; };
		8625B84222E2E8CC00DABB21 /* Item.swift in Sources */ = {isa = PBXBuildFile; fileRef = 8625B84122E2E8CC00DABB21 /* Item.swift */; };
		8625B84422E2E8E700DABB21 /* List.swift in Sources */ = {isa = PBXBuildFile; fileRef = 8625B84322E2E8E700DABB21 /* List.swift */; };
		8625B84622E2E90300DABB21 /* User.swift in Sources */ = {isa = PBXBuildFile; fileRef = 8625B84522E2E90300DABB21 /* User.swift */; };
		8625B84822E34D6800DABB21 /* LocalCollection.swift in Sources */ = {isa = PBXBuildFile; fileRef = 8625B84722E34D6800DABB21 /* LocalCollection.swift */; };
		8669D286235D84DC0000C7CE /* Fonts in Resources */ = {isa = PBXBuildFile; fileRef = 8669D285235D84DC0000C7CE /* Fonts */; };
		8685C125273B9B000040F352 /* Localizable.strings in Resources */ = {isa = PBXBuildFile; fileRef = 8685C127273B9B000040F352 /* Localizable.strings */; };
		86BD5995273AE916006961B4 /* Constants.swift in Sources */ = {isa = PBXBuildFile; fileRef = 86BD5994273AE916006961B4 /* Constants.swift */; };
		86DE2A4922E435CF00177CA8 /* LoginViewController.swift in Sources */ = {isa = PBXBuildFile; fileRef = 86DE2A4822E435CF00177CA8 /* LoginViewController.swift */; };
		86DE2A4B22E435F700177CA8 /* RegisterViewController.swift in Sources */ = {isa = PBXBuildFile; fileRef = 86DE2A4A22E435F700177CA8 /* RegisterViewController.swift */; };
		86DE2A4D22E43D9600177CA8 /* SettingsViewController.swift in Sources */ = {isa = PBXBuildFile; fileRef = 86DE2A4C22E43D9600177CA8 /* SettingsViewController.swift */; };
		86DE2A5722E43DFF00177CA8 /* TabBarViewController.swift in Sources */ = {isa = PBXBuildFile; fileRef = 86DE2A5622E43DFF00177CA8 /* TabBarViewController.swift */; };
		86DE2A6022E4577000177CA8 /* ItemsViewController.swift in Sources */ = {isa = PBXBuildFile; fileRef = 86DE2A5F22E4577000177CA8 /* ItemsViewController.swift */; };
		86E71C2A2351DAE3000249E9 /* ListsViewController.swift in Sources */ = {isa = PBXBuildFile; fileRef = 86E71C292351DAE3000249E9 /* ListsViewController.swift */; };
		86E71C2D2351DBB0000249E9 /* ListTableViewCell.swift in Sources */ = {isa = PBXBuildFile; fileRef = 86E71C2B2351DBB0000249E9 /* ListTableViewCell.swift */; };
		86E71C2E2351DBB0000249E9 /* ListTableViewCell.xib in Resources */ = {isa = PBXBuildFile; fileRef = 86E71C2C2351DBB0000249E9 /* ListTableViewCell.xib */; };
/* End PBXBuildFile section */

/* Begin PBXFileReference section */
		13015F601B1427D1C52A5EA2 /* Pods_InstantSharedShoppingList_iOS.framework */ = {isa = PBXFileReference; explicitFileType = wrapper.framework; includeInIndex = 0; path = Pods_InstantSharedShoppingList_iOS.framework; sourceTree = BUILT_PRODUCTS_DIR; };
		5E12361234403534CDF49E2D /* Pods-InstantSharedShoppingList_iOS.debug.xcconfig */ = {isa = PBXFileReference; includeInIndex = 1; lastKnownFileType = text.xcconfig; name = "Pods-InstantSharedShoppingList_iOS.debug.xcconfig"; path = "Target Support Files/Pods-InstantSharedShoppingList_iOS/Pods-InstantSharedShoppingList_iOS.debug.xcconfig"; sourceTree = "<group>"; };
		82C073F1B127EE85F47772D4 /* Pods-InstantSharedShoppingList_iOS.release.xcconfig */ = {isa = PBXFileReference; includeInIndex = 1; lastKnownFileType = text.xcconfig; name = "Pods-InstantSharedShoppingList_iOS.release.xcconfig"; path = "Target Support Files/Pods-InstantSharedShoppingList_iOS/Pods-InstantSharedShoppingList_iOS.release.xcconfig"; sourceTree = "<group>"; };
		8602501022FDCACE004A5D1C /* Animations.swift */ = {isa = PBXFileReference; lastKnownFileType = sourcecode.swift; path = Animations.swift; sourceTree = "<group>"; };
		8602501222FDCB14004A5D1C /* Animator.swift */ = {isa = PBXFileReference; lastKnownFileType = sourcecode.swift; path = Animator.swift; sourceTree = "<group>"; };
		8606584C22ED826400D0A5F4 /* ItemTableViewCell.swift */ = {isa = PBXFileReference; lastKnownFileType = sourcecode.swift; path = ItemTableViewCell.swift; sourceTree = "<group>"; };
		8606584D22ED826400D0A5F4 /* ItemTableViewCell.xib */ = {isa = PBXFileReference; lastKnownFileType = file.xib; path = ItemTableViewCell.xib; sourceTree = "<group>"; };
		8613F27822DB310300247C16 /* InstantSharedShoppingList_iOS.app */ = {isa = PBXFileReference; explicitFileType = wrapper.application; includeInIndex = 0; path = InstantSharedShoppingList_iOS.app; sourceTree = BUILT_PRODUCTS_DIR; };
		8613F27B22DB310300247C16 /* AppDelegate.swift */ = {isa = PBXFileReference; lastKnownFileType = sourcecode.swift; path = AppDelegate.swift; sourceTree = "<group>"; };
		8613F27D22DB310300247C16 /* WelcomeViewController.swift */ = {isa = PBXFileReference; lastKnownFileType = sourcecode.swift; path = WelcomeViewController.swift; sourceTree = "<group>"; };
		8613F28022DB310300247C16 /* Base */ = {isa = PBXFileReference; lastKnownFileType = file.storyboard; name = Base; path = Base.lproj/Main.storyboard; sourceTree = "<group>"; };
		8613F28222DB310400247C16 /* Assets.xcassets */ = {isa = PBXFileReference; lastKnownFileType = folder.assetcatalog; path = Assets.xcassets; sourceTree = "<group>"; };
		8613F28522DB310400247C16 /* Base */ = {isa = PBXFileReference; lastKnownFileType = file.storyboard; name = Base; path = Base.lproj/LaunchScreen.storyboard; sourceTree = "<group>"; };
		8613F28722DB310400247C16 /* Info.plist */ = {isa = PBXFileReference; lastKnownFileType = text.plist.xml; path = Info.plist; sourceTree = "<group>"; };
		8613F28D22DB382100247C16 /* GoogleService-Info.plist */ = {isa = PBXFileReference; fileEncoding = 4; lastKnownFileType = text.plist.xml; path = "GoogleService-Info.plist"; sourceTree = "<group>"; };
		8625B84122E2E8CC00DABB21 /* Item.swift */ = {isa = PBXFileReference; lastKnownFileType = sourcecode.swift; path = Item.swift; sourceTree = "<group>"; };
		8625B84322E2E8E700DABB21 /* List.swift */ = {isa = PBXFileReference; lastKnownFileType = sourcecode.swift; path = List.swift; sourceTree = "<group>"; };
		8625B84522E2E90300DABB21 /* User.swift */ = {isa = PBXFileReference; lastKnownFileType = sourcecode.swift; path = User.swift; sourceTree = "<group>"; };
		8625B84722E34D6800DABB21 /* LocalCollection.swift */ = {isa = PBXFileReference; lastKnownFileType = sourcecode.swift; path = LocalCollection.swift; sourceTree = "<group>"; };
		8669D285235D84DC0000C7CE /* Fonts */ = {isa = PBXFileReference; lastKnownFileType = folder; path = Fonts; sourceTree = "<group>"; };
		8685C123273B9A980040F352 /* it */ = {isa = PBXFileReference; lastKnownFileType = text.plist.strings; name = it; path = it.lproj/LaunchScreen.strings; sourceTree = "<group>"; };
		8685C124273B9A990040F352 /* it */ = {isa = PBXFileReference; lastKnownFileType = text.plist.strings; name = it; path = it.lproj/Main.strings; sourceTree = "<group>"; };
		8685C126273B9B000040F352 /* it */ = {isa = PBXFileReference; lastKnownFileType = text.plist.strings; name = it; path = it.lproj/Localizable.strings; sourceTree = "<group>"; };
		8685C128273B9B050040F352 /* en */ = {isa = PBXFileReference; lastKnownFileType = text.plist.strings; name = en; path = en.lproj/Localizable.strings; sourceTree = "<group>"; };
		86BD5994273AE916006961B4 /* Constants.swift */ = {isa = PBXFileReference; lastKnownFileType = sourcecode.swift; path = Constants.swift; sourceTree = "<group>"; };
		86DE2A4822E435CF00177CA8 /* LoginViewController.swift */ = {isa = PBXFileReference; lastKnownFileType = sourcecode.swift; path = LoginViewController.swift; sourceTree = "<group>"; };
		86DE2A4A22E435F700177CA8 /* RegisterViewController.swift */ = {isa = PBXFileReference; lastKnownFileType = sourcecode.swift; path = RegisterViewController.swift; sourceTree = "<group>"; };
		86DE2A4C22E43D9600177CA8 /* SettingsViewController.swift */ = {isa = PBXFileReference; lastKnownFileType = sourcecode.swift; path = SettingsViewController.swift; sourceTree = "<group>"; };
		86DE2A5622E43DFF00177CA8 /* TabBarViewController.swift */ = {isa = PBXFileReference; lastKnownFileType = sourcecode.swift; path = TabBarViewController.swift; sourceTree = "<group>"; };
		86DE2A5F22E4577000177CA8 /* ItemsViewController.swift */ = {isa = PBXFileReference; lastKnownFileType = sourcecode.swift; path = ItemsViewController.swift; sourceTree = "<group>"; };
		86E71C292351DAE3000249E9 /* ListsViewController.swift */ = {isa = PBXFileReference; lastKnownFileType = sourcecode.swift; path = ListsViewController.swift; sourceTree = "<group>"; };
		86E71C2B2351DBB0000249E9 /* ListTableViewCell.swift */ = {isa = PBXFileReference; lastKnownFileType = sourcecode.swift; path = ListTableViewCell.swift; sourceTree = "<group>"; };
		86E71C2C2351DBB0000249E9 /* ListTableViewCell.xib */ = {isa = PBXFileReference; lastKnownFileType = file.xib; path = ListTableViewCell.xib; sourceTree = "<group>"; };
/* End PBXFileReference section */

/* Begin PBXFrameworksBuildPhase section */
		8613F27522DB310300247C16 /* Frameworks */ = {
			isa = PBXFrameworksBuildPhase;
			buildActionMask = 2147483647;
			files = (
				0D570E4D3F58295FD4C739EE /* Pods_InstantSharedShoppingList_iOS.framework in Frameworks */,
			);
			runOnlyForDeploymentPostprocessing = 0;
		};
/* End PBXFrameworksBuildPhase section */

/* Begin PBXGroup section */
		2D08C49F364ABF2F0F390159 /* Frameworks */ = {
			isa = PBXGroup;
			children = (
				13015F601B1427D1C52A5EA2 /* Pods_InstantSharedShoppingList_iOS.framework */,
			);
			name = Frameworks;
			sourceTree = "<group>";
		};
		8602500F22FDCAAF004A5D1C /* Animations */ = {
			isa = PBXGroup;
			children = (
				8602501022FDCACE004A5D1C /* Animations.swift */,
				8602501222FDCB14004A5D1C /* Animator.swift */,
			);
			name = Animations;
			sourceTree = "<group>";
		};
		8613F26F22DB310300247C16 = {
			isa = PBXGroup;
			children = (
				8613F27A22DB310300247C16 /* InstantSharedShoppingList_iOS */,
				8669D285235D84DC0000C7CE /* Fonts */,
				8613F27922DB310300247C16 /* Products */,
				8BBCCFCB53358F2CA353138E /* Pods */,
				2D08C49F364ABF2F0F390159 /* Frameworks */,
			);
			sourceTree = "<group>";
		};
		8613F27922DB310300247C16 /* Products */ = {
			isa = PBXGroup;
			children = (
				8613F27822DB310300247C16 /* InstantSharedShoppingList_iOS.app */,
			);
			name = Products;
			sourceTree = "<group>";
		};
		8613F27A22DB310300247C16 /* InstantSharedShoppingList_iOS */ = {
			isa = PBXGroup;
			children = (
				8625B83E22E2E83100DABB21 /* Model */,
				8625B83F22E2E83C00DABB21 /* View */,
				8625B84022E2E84400DABB21 /* Controller */,
				8613F28222DB310400247C16 /* Assets.xcassets */,
				8613F28722DB310400247C16 /* Info.plist */,
				8613F28D22DB382100247C16 /* GoogleService-Info.plist */,
				8625B84722E34D6800DABB21 /* LocalCollection.swift */,
				8685C127273B9B000040F352 /* Localizable.strings */,
				86BD5994273AE916006961B4 /* Constants.swift */,
			);
			path = InstantSharedShoppingList_iOS;
			sourceTree = "<group>";
		};
		8625B83E22E2E83100DABB21 /* Model */ = {
			isa = PBXGroup;
			children = (
				8625B84122E2E8CC00DABB21 /* Item.swift */,
				8625B84322E2E8E700DABB21 /* List.swift */,
				8625B84522E2E90300DABB21 /* User.swift */,
			);
			name = Model;
			sourceTree = "<group>";
		};
		8625B83F22E2E83C00DABB21 /* View */ = {
			isa = PBXGroup;
			children = (
				8602500F22FDCAAF004A5D1C /* Animations */,
				86DE2A5822E455D800177CA8 /* Cells */,
				8613F28422DB310400247C16 /* LaunchScreen.storyboard */,
				8613F27F22DB310300247C16 /* Main.storyboard */,
			);
			path = View;
			sourceTree = "<group>";
		};
		8625B84022E2E84400DABB21 /* Controller */ = {
			isa = PBXGroup;
			children = (
				8613F27B22DB310300247C16 /* AppDelegate.swift */,
				8613F27D22DB310300247C16 /* WelcomeViewController.swift */,
				86DE2A4822E435CF00177CA8 /* LoginViewController.swift */,
				86DE2A4A22E435F700177CA8 /* RegisterViewController.swift */,
				86DE2A4C22E43D9600177CA8 /* SettingsViewController.swift */,
				86DE2A5622E43DFF00177CA8 /* TabBarViewController.swift */,
				86DE2A5F22E4577000177CA8 /* ItemsViewController.swift */,
				86E71C292351DAE3000249E9 /* ListsViewController.swift */,
			);
			name = Controller;
			sourceTree = "<group>";
		};
		86DE2A5822E455D800177CA8 /* Cells */ = {
			isa = PBXGroup;
			children = (
				8606584C22ED826400D0A5F4 /* ItemTableViewCell.swift */,
				8606584D22ED826400D0A5F4 /* ItemTableViewCell.xib */,
				86E71C2B2351DBB0000249E9 /* ListTableViewCell.swift */,
				86E71C2C2351DBB0000249E9 /* ListTableViewCell.xib */,
			);
			path = Cells;
			sourceTree = "<group>";
		};
		8BBCCFCB53358F2CA353138E /* Pods */ = {
			isa = PBXGroup;
			children = (
				5E12361234403534CDF49E2D /* Pods-InstantSharedShoppingList_iOS.debug.xcconfig */,
				82C073F1B127EE85F47772D4 /* Pods-InstantSharedShoppingList_iOS.release.xcconfig */,
			);
			path = Pods;
			sourceTree = "<group>";
		};
/* End PBXGroup section */

/* Begin PBXNativeTarget section */
		8613F27722DB310300247C16 /* InstantSharedShoppingList_iOS */ = {
			isa = PBXNativeTarget;
			buildConfigurationList = 8613F28A22DB310400247C16 /* Build configuration list for PBXNativeTarget "InstantSharedShoppingList_iOS" */;
			buildPhases = (
				9B3998D33C4ED6F3A82A18C6 /* [CP] Check Pods Manifest.lock */,
				8613F27422DB310300247C16 /* Sources */,
				8613F27522DB310300247C16 /* Frameworks */,
				8613F27622DB310300247C16 /* Resources */,
				04B528BD0DBC9D7CAC43C967 /* [CP] Embed Pods Frameworks */,
				FD2D386CDADD989143A51353 /* [CP] Copy Pods Resources */,
			);
			buildRules = (
			);
			dependencies = (
			);
			name = InstantSharedShoppingList_iOS;
			productName = InstantSharedShoppingList_iOS;
			productReference = 8613F27822DB310300247C16 /* InstantSharedShoppingList_iOS.app */;
			productType = "com.apple.product-type.application";
		};
/* End PBXNativeTarget section */

/* Begin PBXProject section */
		8613F27022DB310300247C16 /* Project object */ = {
			isa = PBXProject;
			attributes = {
				LastSwiftUpdateCheck = 1020;
				LastUpgradeCheck = 1020;
				ORGANIZATIONNAME = "Pier Luigi Papeschi";
				TargetAttributes = {
					8613F27722DB310300247C16 = {
						CreatedOnToolsVersion = 10.2.1;
					};
				};
			};
			buildConfigurationList = 8613F27322DB310300247C16 /* Build configuration list for PBXProject "InstantSharedShoppingList_iOS" */;
			compatibilityVersion = "Xcode 9.3";
			developmentRegion = en;
			hasScannedForEncodings = 0;
			knownRegions = (
				en,
				Base,
				it,
			);
			mainGroup = 8613F26F22DB310300247C16;
			productRefGroup = 8613F27922DB310300247C16 /* Products */;
			projectDirPath = "";
			projectRoot = "";
			targets = (
				8613F27722DB310300247C16 /* InstantSharedShoppingList_iOS */,
			);
		};
/* End PBXProject section */

/* Begin PBXResourcesBuildPhase section */
		8613F27622DB310300247C16 /* Resources */ = {
			isa = PBXResourcesBuildPhase;
			buildActionMask = 2147483647;
			files = (
				8613F28622DB310400247C16 /* LaunchScreen.storyboard in Resources */,
				86E71C2E2351DBB0000249E9 /* ListTableViewCell.xib in Resources */,
				8613F28E22DB382100247C16 /* GoogleService-Info.plist in Resources */,
				8613F28322DB310400247C16 /* Assets.xcassets in Resources */,
				8606584F22ED826400D0A5F4 /* ItemTableViewCell.xib in Resources */,
				8685C125273B9B000040F352 /* Localizable.strings in Resources */,
				8669D286235D84DC0000C7CE /* Fonts in Resources */,
				8613F28122DB310300247C16 /* Main.storyboard in Resources */,
			);
			runOnlyForDeploymentPostprocessing = 0;
		};
/* End PBXResourcesBuildPhase section */

/* Begin PBXShellScriptBuildPhase section */
		04B528BD0DBC9D7CAC43C967 /* [CP] Embed Pods Frameworks */ = {
			isa = PBXShellScriptBuildPhase;
			buildActionMask = 2147483647;
			files = (
			);
			inputFileListPaths = (
				"${PODS_ROOT}/Target Support Files/Pods-InstantSharedShoppingList_iOS/Pods-InstantSharedShoppingList_iOS-frameworks-${CONFIGURATION}-input-files.xcfilelist",
			);
			name = "[CP] Embed Pods Frameworks";
			outputFileListPaths = (
				"${PODS_ROOT}/Target Support Files/Pods-InstantSharedShoppingList_iOS/Pods-InstantSharedShoppingList_iOS-frameworks-${CONFIGURATION}-output-files.xcfilelist",
			);
			runOnlyForDeploymentPostprocessing = 0;
			shellPath = /bin/sh;
			shellScript = "\"${PODS_ROOT}/Target Support Files/Pods-InstantSharedShoppingList_iOS/Pods-InstantSharedShoppingList_iOS-frameworks.sh\"\n";
			showEnvVarsInLog = 0;
		};
		9B3998D33C4ED6F3A82A18C6 /* [CP] Check Pods Manifest.lock */ = {
			isa = PBXShellScriptBuildPhase;
			buildActionMask = 2147483647;
			files = (
			);
			inputFileListPaths = (
			);
			inputPaths = (
				"${PODS_PODFILE_DIR_PATH}/Podfile.lock",
				"${PODS_ROOT}/Manifest.lock",
			);
			name = "[CP] Check Pods Manifest.lock";
			outputFileListPaths = (
			);
			outputPaths = (
				"$(DERIVED_FILE_DIR)/Pods-InstantSharedShoppingList_iOS-checkManifestLockResult.txt",
			);
			runOnlyForDeploymentPostprocessing = 0;
			shellPath = /bin/sh;
			shellScript = "diff \"${PODS_PODFILE_DIR_PATH}/Podfile.lock\" \"${PODS_ROOT}/Manifest.lock\" > /dev/null\nif [ $? != 0 ] ; then\n    # print error to STDERR\n    echo \"error: The sandbox is not in sync with the Podfile.lock. Run 'pod install' or update your CocoaPods installation.\" >&2\n    exit 1\nfi\n# This output is used by Xcode 'outputs' to avoid re-running this script phase.\necho \"SUCCESS\" > \"${SCRIPT_OUTPUT_FILE_0}\"\n";
			showEnvVarsInLog = 0;
		};
		FD2D386CDADD989143A51353 /* [CP] Copy Pods Resources */ = {
			isa = PBXShellScriptBuildPhase;
			buildActionMask = 2147483647;
			files = (
			);
			inputFileListPaths = (
				"${PODS_ROOT}/Target Support Files/Pods-InstantSharedShoppingList_iOS/Pods-InstantSharedShoppingList_iOS-resources-${CONFIGURATION}-input-files.xcfilelist",
			);
			name = "[CP] Copy Pods Resources";
			outputFileListPaths = (
				"${PODS_ROOT}/Target Support Files/Pods-InstantSharedShoppingList_iOS/Pods-InstantSharedShoppingList_iOS-resources-${CONFIGURATION}-output-files.xcfilelist",
			);
			runOnlyForDeploymentPostprocessing = 0;
			shellPath = /bin/sh;
			shellScript = "\"${PODS_ROOT}/Target Support Files/Pods-InstantSharedShoppingList_iOS/Pods-InstantSharedShoppingList_iOS-resources.sh\"\n";
			showEnvVarsInLog = 0;
		};
/* End PBXShellScriptBuildPhase section */

/* Begin PBXSourcesBuildPhase section */
		8613F27422DB310300247C16 /* Sources */ = {
			isa = PBXSourcesBuildPhase;
			buildActionMask = 2147483647;
			files = (
				86DE2A4B22E435F700177CA8 /* RegisterViewController.swift in Sources */,
				86BD5995273AE916006961B4 /* Constants.swift in Sources */,
				86E71C2D2351DBB0000249E9 /* ListTableViewCell.swift in Sources */,
				86DE2A6022E4577000177CA8 /* ItemsViewController.swift in Sources */,
				8613F27E22DB310300247C16 /* WelcomeViewController.swift in Sources */,
				8625B84822E34D6800DABB21 /* LocalCollection.swift in Sources */,
				8606584E22ED826400D0A5F4 /* ItemTableViewCell.swift in Sources */,
				86DE2A4D22E43D9600177CA8 /* SettingsViewController.swift in Sources */,
				8625B84422E2E8E700DABB21 /* List.swift in Sources */,
				8602501122FDCACE004A5D1C /* Animations.swift in Sources */,
				8625B84222E2E8CC00DABB21 /* Item.swift in Sources */,
				86DE2A4922E435CF00177CA8 /* LoginViewController.swift in Sources */,
				8625B84622E2E90300DABB21 /* User.swift in Sources */,
				86DE2A5722E43DFF00177CA8 /* TabBarViewController.swift in Sources */,
				8602501322FDCB14004A5D1C /* Animator.swift in Sources */,
				8613F27C22DB310300247C16 /* AppDelegate.swift in Sources */,
				86E71C2A2351DAE3000249E9 /* ListsViewController.swift in Sources */,
			);
			runOnlyForDeploymentPostprocessing = 0;
		};
/* End PBXSourcesBuildPhase section */

/* Begin PBXVariantGroup section */
		8613F27F22DB310300247C16 /* Main.storyboard */ = {
			isa = PBXVariantGroup;
			children = (
				8613F28022DB310300247C16 /* Base */,
				8685C124273B9A990040F352 /* it */,
			);
			name = Main.storyboard;
			sourceTree = "<group>";
		};
		8613F28422DB310400247C16 /* LaunchScreen.storyboard */ = {
			isa = PBXVariantGroup;
			children = (
				8613F28522DB310400247C16 /* Base */,
				8685C123273B9A980040F352 /* it */,
			);
			name = LaunchScreen.storyboard;
			sourceTree = "<group>";
		};
		8685C127273B9B000040F352 /* Localizable.strings */ = {
			isa = PBXVariantGroup;
			children = (
				8685C126273B9B000040F352 /* it */,
				8685C128273B9B050040F352 /* en */,
			);
			name = Localizable.strings;
			sourceTree = "<group>";
		};
/* End PBXVariantGroup section */

/* Begin XCBuildConfiguration section */
		8613F28822DB310400247C16 /* Debug */ = {
			isa = XCBuildConfiguration;
			buildSettings = {
				ALWAYS_SEARCH_USER_PATHS = NO;
				CLANG_ANALYZER_LOCALIZABILITY_NONLOCALIZED = YES;
				CLANG_ANALYZER_NONNULL = YES;
				CLANG_ANALYZER_NUMBER_OBJECT_CONVERSION = YES_AGGRESSIVE;
				CLANG_CXX_LANGUAGE_STANDARD = "gnu++14";
				CLANG_CXX_LIBRARY = "libc++";
				CLANG_ENABLE_MODULES = YES;
				CLANG_ENABLE_OBJC_ARC = YES;
				CLANG_ENABLE_OBJC_WEAK = YES;
				CLANG_WARN_BLOCK_CAPTURE_AUTORELEASING = YES;
				CLANG_WARN_BOOL_CONVERSION = YES;
				CLANG_WARN_COMMA = YES;
				CLANG_WARN_CONSTANT_CONVERSION = YES;
				CLANG_WARN_DEPRECATED_OBJC_IMPLEMENTATIONS = YES;
				CLANG_WARN_DIRECT_OBJC_ISA_USAGE = YES_ERROR;
				CLANG_WARN_DOCUMENTATION_COMMENTS = YES;
				CLANG_WARN_EMPTY_BODY = YES;
				CLANG_WARN_ENUM_CONVERSION = YES;
				CLANG_WARN_INFINITE_RECURSION = YES;
				CLANG_WARN_INT_CONVERSION = YES;
				CLANG_WARN_NON_LITERAL_NULL_CONVERSION = YES;
				CLANG_WARN_OBJC_IMPLICIT_RETAIN_SELF = YES;
				CLANG_WARN_OBJC_LITERAL_CONVERSION = YES;
				CLANG_WARN_OBJC_ROOT_CLASS = YES_ERROR;
				CLANG_WARN_RANGE_LOOP_ANALYSIS = YES;
				CLANG_WARN_STRICT_PROTOTYPES = YES;
				CLANG_WARN_SUSPICIOUS_MOVE = YES;
				CLANG_WARN_UNGUARDED_AVAILABILITY = YES_AGGRESSIVE;
				CLANG_WARN_UNREACHABLE_CODE = YES;
				CLANG_WARN__DUPLICATE_METHOD_MATCH = YES;
				CODE_SIGN_IDENTITY = "iPhone Developer";
				COPY_PHASE_STRIP = NO;
				DEBUG_INFORMATION_FORMAT = dwarf;
				ENABLE_STRICT_OBJC_MSGSEND = YES;
				ENABLE_TESTABILITY = YES;
				GCC_C_LANGUAGE_STANDARD = gnu11;
				GCC_DYNAMIC_NO_PIC = NO;
				GCC_NO_COMMON_BLOCKS = YES;
				GCC_OPTIMIZATION_LEVEL = 0;
				GCC_PREPROCESSOR_DEFINITIONS = (
					"DEBUG=1",
					"$(inherited)",
				);
				GCC_WARN_64_TO_32_BIT_CONVERSION = YES;
				GCC_WARN_ABOUT_RETURN_TYPE = YES_ERROR;
				GCC_WARN_UNDECLARED_SELECTOR = YES;
				GCC_WARN_UNINITIALIZED_AUTOS = YES_AGGRESSIVE;
				GCC_WARN_UNUSED_FUNCTION = YES;
				GCC_WARN_UNUSED_VARIABLE = YES;
				IPHONEOS_DEPLOYMENT_TARGET = 12.2;
				MTL_ENABLE_DEBUG_INFO = INCLUDE_SOURCE;
				MTL_FAST_MATH = YES;
				ONLY_ACTIVE_ARCH = YES;
				SDKROOT = iphoneos;
				SWIFT_ACTIVE_COMPILATION_CONDITIONS = DEBUG;
				SWIFT_OPTIMIZATION_LEVEL = "-Onone";
			};
			name = Debug;
		};
		8613F28922DB310400247C16 /* Release */ = {
			isa = XCBuildConfiguration;
			buildSettings = {
				ALWAYS_SEARCH_USER_PATHS = NO;
				CLANG_ANALYZER_LOCALIZABILITY_NONLOCALIZED = YES;
				CLANG_ANALYZER_NONNULL = YES;
				CLANG_ANALYZER_NUMBER_OBJECT_CONVERSION = YES_AGGRESSIVE;
				CLANG_CXX_LANGUAGE_STANDARD = "gnu++14";
				CLANG_CXX_LIBRARY = "libc++";
				CLANG_ENABLE_MODULES = YES;
				CLANG_ENABLE_OBJC_ARC = YES;
				CLANG_ENABLE_OBJC_WEAK = YES;
				CLANG_WARN_BLOCK_CAPTURE_AUTORELEASING = YES;
				CLANG_WARN_BOOL_CONVERSION = YES;
				CLANG_WARN_COMMA = YES;
				CLANG_WARN_CONSTANT_CONVERSION = YES;
				CLANG_WARN_DEPRECATED_OBJC_IMPLEMENTATIONS = YES;
				CLANG_WARN_DIRECT_OBJC_ISA_USAGE = YES_ERROR;
				CLANG_WARN_DOCUMENTATION_COMMENTS = YES;
				CLANG_WARN_EMPTY_BODY = YES;
				CLANG_WARN_ENUM_CONVERSION = YES;
				CLANG_WARN_INFINITE_RECURSION = YES;
				CLANG_WARN_INT_CONVERSION = YES;
				CLANG_WARN_NON_LITERAL_NULL_CONVERSION = YES;
				CLANG_WARN_OBJC_IMPLICIT_RETAIN_SELF = YES;
				CLANG_WARN_OBJC_LITERAL_CONVERSION = YES;
				CLANG_WARN_OBJC_ROOT_CLASS = YES_ERROR;
				CLANG_WARN_RANGE_LOOP_ANALYSIS = YES;
				CLANG_WARN_STRICT_PROTOTYPES = YES;
				CLANG_WARN_SUSPICIOUS_MOVE = YES;
				CLANG_WARN_UNGUARDED_AVAILABILITY = YES_AGGRESSIVE;
				CLANG_WARN_UNREACHABLE_CODE = YES;
				CLANG_WARN__DUPLICATE_METHOD_MATCH = YES;
				CODE_SIGN_IDENTITY = "iPhone Developer";
				COPY_PHASE_STRIP = NO;
				DEBUG_INFORMATION_FORMAT = "dwarf-with-dsym";
				ENABLE_NS_ASSERTIONS = NO;
				ENABLE_STRICT_OBJC_MSGSEND = YES;
				GCC_C_LANGUAGE_STANDARD = gnu11;
				GCC_NO_COMMON_BLOCKS = YES;
				GCC_WARN_64_TO_32_BIT_CONVERSION = YES;
				GCC_WARN_ABOUT_RETURN_TYPE = YES_ERROR;
				GCC_WARN_UNDECLARED_SELECTOR = YES;
				GCC_WARN_UNINITIALIZED_AUTOS = YES_AGGRESSIVE;
				GCC_WARN_UNUSED_FUNCTION = YES;
				GCC_WARN_UNUSED_VARIABLE = YES;
				IPHONEOS_DEPLOYMENT_TARGET = 12.2;
				MTL_ENABLE_DEBUG_INFO = NO;
				MTL_FAST_MATH = YES;
				SDKROOT = iphoneos;
				SWIFT_COMPILATION_MODE = wholemodule;
				SWIFT_OPTIMIZATION_LEVEL = "-O";
				VALIDATE_PRODUCT = YES;
			};
			name = Release;
		};
		8613F28B22DB310400247C16 /* Debug */ = {
			isa = XCBuildConfiguration;
			baseConfigurationReference = 5E12361234403534CDF49E2D /* Pods-InstantSharedShoppingList_iOS.debug.xcconfig */;
			buildSettings = {
				ASSETCATALOG_COMPILER_APPICON_NAME = AppIcon;
				CODE_SIGN_STYLE = Automatic;
				DEVELOPMENT_TEAM = 7GD682Y4HF;
				INFOPLIST_FILE = InstantSharedShoppingList_iOS/Info.plist;
				IPHONEOS_DEPLOYMENT_TARGET = 13.1;
				LD_RUNPATH_SEARCH_PATHS = (
					"$(inherited)",
					"@executable_path/Frameworks",
				);
				PRODUCT_BUNDLE_IDENTIFIER = "com.pierluigipapeschi.InstantSharedShoppingList-iOS";
				PRODUCT_NAME = "$(TARGET_NAME)";
				SWIFT_VERSION = 5.0;
				TARGETED_DEVICE_FAMILY = "1,2";
			};
			name = Debug;
		};
		8613F28C22DB310400247C16 /* Release */ = {
			isa = XCBuildConfiguration;
			baseConfigurationReference = 82C073F1B127EE85F47772D4 /* Pods-InstantSharedShoppingList_iOS.release.xcconfig */;
			buildSettings = {
				ASSETCATALOG_COMPILER_APPICON_NAME = AppIcon;
				CODE_SIGN_STYLE = Automatic;
				DEVELOPMENT_TEAM = 7GD682Y4HF;
				INFOPLIST_FILE = InstantSharedShoppingList_iOS/Info.plist;
				IPHONEOS_DEPLOYMENT_TARGET = 13.1;
				LD_RUNPATH_SEARCH_PATHS = (
					"$(inherited)",
					"@executable_path/Frameworks",
				);
				PRODUCT_BUNDLE_IDENTIFIER = "com.pierluigipapeschi.InstantSharedShoppingList-iOS";
				PRODUCT_NAME = "$(TARGET_NAME)";
				SWIFT_VERSION = 5.0;
				TARGETED_DEVICE_FAMILY = "1,2";
			};
			name = Release;
		};
/* End XCBuildConfiguration section */

/* Begin XCConfigurationList section */
		8613F27322DB310300247C16 /* Build configuration list for PBXProject "InstantSharedShoppingList_iOS" */ = {
			isa = XCConfigurationList;
			buildConfigurations = (
				8613F28822DB310400247C16 /* Debug */,
				8613F28922DB310400247C16 /* Release */,
			);
			defaultConfigurationIsVisible = 0;
			defaultConfigurationName = Release;
		};
		8613F28A22DB310400247C16 /* Build configuration list for PBXNativeTarget "InstantSharedShoppingList_iOS" */ = {
			isa = XCConfigurationList;
			buildConfigurations = (
				8613F28B22DB310400247C16 /* Debug */,
				8613F28C22DB310400247C16 /* Release */,
			);
			defaultConfigurationIsVisible = 0;
			defaultConfigurationName = Release;
		};
/* End XCConfigurationList section */
	};
	rootObject = 8613F27022DB310300247C16 /* Project object */;
}
